
Microsoft Visual Studio Solution File, Format Version 12.00
Project("{FAE04EC0-301F-11D3-BF4B-00C04F79EFBC}") = "fennecs", "fennecs\fennecs.csproj", "{73C9917A-F91A-45A1-923F-C3E182593E3F}"
EndProject
Project("{FAE04EC0-301F-11D3-BF4B-00C04F79EFBC}") = "fennecs.tests", "fennecs.tests\fennecs.tests.csproj", "{C75030DB-1B0D-44F7-B01F-018EA46178A4}"
EndProject
Project("{FAE04EC0-301F-11D3-BF4B-00C04F79EFBC}") = "fennecs.benchmarks", "fennecs.benchmarks\fennecs.benchmarks.csproj", "{08768DCD-54CB-4DAE-AD04-E618C1522753}"
EndProject
Project("{FAE04EC0-301F-11D3-BF4B-00C04F79EFBC}") = "KillBill", "cookbook\KillBill.csproj", "{67189493-DD27-484F-8761-135501F29E1E}"
EndProject
Project("{FAE04EC0-301F-11D3-BF4B-00C04F79EFBC}") = "Tsubasa", "cookbook\Tsubasa.csproj", "{1CA5AF01-CDC2-4E53-913F-57158C9D4DA3}"
EndProject
Project("{FAE04EC0-301F-11D3-BF4B-00C04F79EFBC}") = "StarTrek", "cookbook\StarTrek.csproj", "{83461CBE-B740-4790-80EB-62074FB48D47}"
EndProject
Project("{FAE04EC0-301F-11D3-BF4B-00C04F79EFBC}") = "InitialD", "cookbook\InitialD.csproj", "{E47323F4-E218-4B90-A85E-25E67750249B}"
EndProject
Project("{FAE04EC0-301F-11D3-BF4B-00C04F79EFBC}") = "fennecs.demos.godot", "demos\godot\fennecs.demos.godot.csproj", "{DC52B4CF-A18B-44EF-82EB-0CE387DE2CAE}"
EndProject
Project("{FAE04EC0-301F-11D3-BF4B-00C04F79EFBC}") = "Thanos", "cookbook\Thanos.csproj", "{390AB260-8877-4E08-9DA4-FE8EF5CE99C2}"
EndProject
Project("{2150E333-8FDC-42A3-9474-1A3956D46DE8}") = "Cookbook", "Cookbook", "{4CED50D6-3475-41DC-98EC-5E79E9D919B2}"
EndProject
Project("{2150E333-8FDC-42A3-9474-1A3956D46DE8}") = "Demos", "Demos", "{0F771E14-E1D4-4878-B86C-2AB30A9DE8E3}"
EndProject
Project("{FAE04EC0-301F-11D3-BF4B-00C04F79EFBC}") = "OneRing", "cookbook\OneRing.csproj", "{870C348F-F664-4AB8-A08C-2217F4A99EF8}"
EndProject
Project("{FAE04EC0-301F-11D3-BF4B-00C04F79EFBC}") = "fennecs.run", "fennecs.run\fennecs.run.csproj", "{D404E394-5EBE-4C30-9B2E-C875D4D83E0D}"
EndProject
Global
	GlobalSection(SolutionConfigurationPlatforms) = preSolution
		Debug|Any CPU = Debug|Any CPU
		Release|Any CPU = Release|Any CPU
	EndGlobalSection
	GlobalSection(ProjectConfigurationPlatforms) = postSolution
		{73C9917A-F91A-45A1-923F-C3E182593E3F}.Debug|Any CPU.ActiveCfg = Debug|Any CPU
		{73C9917A-F91A-45A1-923F-C3E182593E3F}.Debug|Any CPU.Build.0 = Debug|Any CPU
		{73C9917A-F91A-45A1-923F-C3E182593E3F}.Release|Any CPU.ActiveCfg = Release|Any CPU
		{73C9917A-F91A-45A1-923F-C3E182593E3F}.Release|Any CPU.Build.0 = Release|Any CPU
		{C75030DB-1B0D-44F7-B01F-018EA46178A4}.Debug|Any CPU.ActiveCfg = Debug|Any CPU
		{C75030DB-1B0D-44F7-B01F-018EA46178A4}.Debug|Any CPU.Build.0 = Debug|Any CPU
		{C75030DB-1B0D-44F7-B01F-018EA46178A4}.Release|Any CPU.ActiveCfg = Release|Any CPU
		{C75030DB-1B0D-44F7-B01F-018EA46178A4}.Release|Any CPU.Build.0 = Release|Any CPU
		{08768DCD-54CB-4DAE-AD04-E618C1522753}.Release|Any CPU.ActiveCfg = Release|Any CPU
		{08768DCD-54CB-4DAE-AD04-E618C1522753}.Release|Any CPU.Build.0 = Release|Any CPU
		{08768DCD-54CB-4DAE-AD04-E618C1522753}.Debug|Any CPU.ActiveCfg = Debug|Any CPU
		{67189493-DD27-484F-8761-135501F29E1E}.Debug|Any CPU.ActiveCfg = Debug|Any CPU
		{67189493-DD27-484F-8761-135501F29E1E}.Release|Any CPU.ActiveCfg = Release|Any CPU
		{67189493-DD27-484F-8761-135501F29E1E}.Release|Any CPU.Build.0 = Release|Any CPU
		{1CA5AF01-CDC2-4E53-913F-57158C9D4DA3}.Debug|Any CPU.ActiveCfg = Debug|Any CPU
		{1CA5AF01-CDC2-4E53-913F-57158C9D4DA3}.Release|Any CPU.ActiveCfg = Release|Any CPU
		{1CA5AF01-CDC2-4E53-913F-57158C9D4DA3}.Release|Any CPU.Build.0 = Release|Any CPU
		{83461CBE-B740-4790-80EB-62074FB48D47}.Debug|Any CPU.ActiveCfg = Debug|Any CPU
		{83461CBE-B740-4790-80EB-62074FB48D47}.Release|Any CPU.ActiveCfg = Release|Any CPU
		{83461CBE-B740-4790-80EB-62074FB48D47}.Release|Any CPU.Build.0 = Release|Any CPU
		{E47323F4-E218-4B90-A85E-25E67750249B}.Debug|Any CPU.ActiveCfg = Debug|Any CPU
		{E47323F4-E218-4B90-A85E-25E67750249B}.Release|Any CPU.ActiveCfg = Release|Any CPU
		{E47323F4-E218-4B90-A85E-25E67750249B}.Release|Any CPU.Build.0 = Release|Any CPU
		{DC52B4CF-A18B-44EF-82EB-0CE387DE2CAE}.Debug|Any CPU.ActiveCfg = Debug|Any CPU
		{DC52B4CF-A18B-44EF-82EB-0CE387DE2CAE}.Release|Any CPU.ActiveCfg = Debug|Any CPU
		{390AB260-8877-4E08-9DA4-FE8EF5CE99C2}.Debug|Any CPU.ActiveCfg = Debug|Any CPU
		{390AB260-8877-4E08-9DA4-FE8EF5CE99C2}.Release|Any CPU.ActiveCfg = Release|Any CPU
		{390AB260-8877-4E08-9DA4-FE8EF5CE99C2}.Release|Any CPU.Build.0 = Release|Any CPU
		{870C348F-F664-4AB8-A08C-2217F4A99EF8}.Debug|Any CPU.ActiveCfg = Debug|Any CPU
		{870C348F-F664-4AB8-A08C-2217F4A99EF8}.Release|Any CPU.ActiveCfg = Release|Any CPU
		{870C348F-F664-4AB8-A08C-2217F4A99EF8}.Release|Any CPU.Build.0 = Release|Any CPU
		{D404E394-5EBE-4C30-9B2E-C875D4D83E0D}.Debug|Any CPU.ActiveCfg = Debug|Any CPU
		{D404E394-5EBE-4C30-9B2E-C875D4D83E0D}.Debug|Any CPU.Build.0 = Debug|Any CPU
		{D404E394-5EBE-4C30-9B2E-C875D4D83E0D}.Release|Any CPU.ActiveCfg = Release|Any CPU
		{D404E394-5EBE-4C30-9B2E-C875D4D83E0D}.Release|Any CPU.Build.0 = Release|Any CPU
	EndGlobalSection
	GlobalSection(NestedProjects) = preSolution
		{E47323F4-E218-4B90-A85E-25E67750249B} = {4CED50D6-3475-41DC-98EC-5E79E9D919B2}
		{67189493-DD27-484F-8761-135501F29E1E} = {4CED50D6-3475-41DC-98EC-5E79E9D919B2}
		{83461CBE-B740-4790-80EB-62074FB48D47} = {4CED50D6-3475-41DC-98EC-5E79E9D919B2}
		{390AB260-8877-4E08-9DA4-FE8EF5CE99C2} = {4CED50D6-3475-41DC-98EC-5E79E9D919B2}
		{1CA5AF01-CDC2-4E53-913F-57158C9D4DA3} = {4CED50D6-3475-41DC-98EC-5E79E9D919B2}
		{DC52B4CF-A18B-44EF-82EB-0CE387DE2CAE} = {0F771E14-E1D4-4878-B86C-2AB30A9DE8E3}
		{870C348F-F664-4AB8-A08C-2217F4A99EF8} = {4CED50D6-3475-41DC-98EC-5E79E9D919B2}
	EndGlobalSection
EndGlobal
