Microsoft Visual Studio Solution File, Format Version 12.00
# Visual Studio 2012
Project("{FAE04EC0-301F-11D3-BF4B-00C04F79EFBC}") = "fennecs.demos.godot", "fennecs.demos.godot.csproj", "{A16C8C96-2629-470D-AEE5-B307EFA809ED}"
EndProject
Global
	GlobalSection(SolutionConfigurationPlatforms) = preSolution
	Debug|Any CPU = Debug|Any CPU
	ExportDebug|Any CPU = ExportDebug|Any CPU
	ExportRelease|Any CPU = ExportRelease|Any CPU
	EndGlobalSection
	GlobalSection(ProjectConfigurationPlatforms) = postSolution
		{A16C8C96-2629-470D-AEE5-B307EFA809ED}.Debug|Any CPU.ActiveCfg = Debug|Any CPU
		{A16C8C96-2629-470D-AEE5-B307EFA809ED}.Debug|Any CPU.Build.0 = Debug|Any CPU
		{A16C8C96-2629-470D-AEE5-B307EFA809ED}.ExportDebug|Any CPU.ActiveCfg = ExportDebug|Any CPU
		{A16C8C96-2629-470D-AEE5-B307EFA809ED}.ExportDebug|Any CPU.Build.0 = ExportDebug|Any CPU
		{A16C8C96-2629-470D-AEE5-B307EFA809ED}.ExportRelease|Any CPU.ActiveCfg = ExportRelease|Any CPU
		{A16C8C96-2629-470D-AEE5-B307EFA809ED}.ExportRelease|Any CPU.Build.0 = ExportRelease|Any CPU
	EndGlobalSection
EndGlobal
